
Microsoft Visual Studio Solution File, Format Version 12.00
# Visual Studio Version 17
VisualStudioVersion = 17.2.32516.85
MinimumVisualStudioVersion = 10.0.40219.1
Project("{9A19103F-16F7-4668-BE54-9A1E7A4F7556}") = "EduhomeMVC", "EduhomeMVC\EduhomeMVC.csproj", "{5FD93A1A-0C09-43A9-9FA0-1B231B2DD79B}"
EndProject
Project("{9A19103F-16F7-4668-BE54-9A1E7A4F7556}") = "DAL", "DAL\DAL.csproj", "{287C9004-2B77-4683-A9A1-A0E33E7748FA}"
EndProject
Project("{9A19103F-16F7-4668-BE54-9A1E7A4F7556}") = "BusinessLayer", "BusinessLayer\BusinessLayer.csproj", "{D68E7AD5-845C-4F6F-8518-53CBDA6C7255}"
EndProject
Project("{FAE04EC0-301F-11D3-BF4B-00C04F79EFBC}") = "Common", "Common\Common.csproj", "{2586CDB6-4800-4540-B918-1C508894095B}"
EndProject
Global
	GlobalSection(SolutionConfigurationPlatforms) = preSolution
		Debug|Any CPU = Debug|Any CPU
		Release|Any CPU = Release|Any CPU
	EndGlobalSection
	GlobalSection(ProjectConfigurationPlatforms) = postSolution
		{5FD93A1A-0C09-43A9-9FA0-1B231B2DD79B}.Debug|Any CPU.ActiveCfg = Debug|Any CPU
		{5FD93A1A-0C09-43A9-9FA0-1B231B2DD79B}.Debug|Any CPU.Build.0 = Debug|Any CPU
		{5FD93A1A-0C09-43A9-9FA0-1B231B2DD79B}.Release|Any CPU.ActiveCfg = Release|Any CPU
		{5FD93A1A-0C09-43A9-9FA0-1B231B2DD79B}.Release|Any CPU.Build.0 = Release|Any CPU
		{287C9004-2B77-4683-A9A1-A0E33E7748FA}.Debug|Any CPU.ActiveCfg = Debug|Any CPU
		{287C9004-2B77-4683-A9A1-A0E33E7748FA}.Debug|Any CPU.Build.0 = Debug|Any CPU
		{287C9004-2B77-4683-A9A1-A0E33E7748FA}.Release|Any CPU.ActiveCfg = Release|Any CPU
		{287C9004-2B77-4683-A9A1-A0E33E7748FA}.Release|Any CPU.Build.0 = Release|Any CPU
		{D68E7AD5-845C-4F6F-8518-53CBDA6C7255}.Debug|Any CPU.ActiveCfg = Debug|Any CPU
		{D68E7AD5-845C-4F6F-8518-53CBDA6C7255}.Debug|Any CPU.Build.0 = Debug|Any CPU
		{D68E7AD5-845C-4F6F-8518-53CBDA6C7255}.Release|Any CPU.ActiveCfg = Release|Any CPU
		{D68E7AD5-845C-4F6F-8518-53CBDA6C7255}.Release|Any CPU.Build.0 = Release|Any CPU
		{2586CDB6-4800-4540-B918-1C508894095B}.Debug|Any CPU.ActiveCfg = Debug|Any CPU
		{2586CDB6-4800-4540-B918-1C508894095B}.Debug|Any CPU.Build.0 = Debug|Any CPU
		{2586CDB6-4800-4540-B918-1C508894095B}.Release|Any CPU.ActiveCfg = Release|Any CPU
		{2586CDB6-4800-4540-B918-1C508894095B}.Release|Any CPU.Build.0 = Release|Any CPU
	EndGlobalSection
	GlobalSection(SolutionProperties) = preSolution
		HideSolutionNode = FALSE
	EndGlobalSection
	GlobalSection(ExtensibilityGlobals) = postSolution
		SolutionGuid = {DB2FAC47-FA04-4404-9026-894923EEB13E}
	EndGlobalSection
EndGlobal
